
Microsoft Visual Studio Solution File, Format Version 12.00
# Visual Studio Version 17
VisualStudioVersion = 17.14.36705.20
MinimumVisualStudioVersion = 10.0.40219.1
Project("{FAE04EC0-301F-11D3-BF4B-00C04F79EFBC}") = "ChefConsole", "ChefConsole\ChefConsole.csproj", "{8F674ADD-B167-4709-954D-8008E3D57522}"
EndProject
Project("{FAE04EC0-301F-11D3-BF4B-00C04F79EFBC}") = "ChefDesktop", "ChefDesktop\ChefDesktop.csproj", "{CA448211-E46E-4C37-A290-AAF89C00287E}"
EndProject
Project("{FAE04EC0-301F-11D3-BF4B-00C04F79EFBC}") = "ChefWebAPI", "ChefWebAPI\ChefWebAPI.csproj", "{3809A2CA-8AC2-4341-A647-7ABC60821B6E}"
EndProject
Global
	GlobalSection(SolutionConfigurationPlatforms) = preSolution
		Debug|Any CPU = Debug|Any CPU
		Release|Any CPU = Release|Any CPU
	EndGlobalSection
	GlobalSection(ProjectConfigurationPlatforms) = postSolution
		{8F674ADD-B167-4709-954D-8008E3D57522}.Debug|Any CPU.ActiveCfg = Debug|Any CPU
		{8F674ADD-B167-4709-954D-8008E3D57522}.Debug|Any CPU.Build.0 = Debug|Any CPU
		{8F674ADD-B167-4709-954D-8008E3D57522}.Release|Any CPU.ActiveCfg = Release|Any CPU
		{8F674ADD-B167-4709-954D-8008E3D57522}.Release|Any CPU.Build.0 = Release|Any CPU
		{CA448211-E46E-4C37-A290-AAF89C00287E}.Debug|Any CPU.ActiveCfg = Debug|Any CPU
		{CA448211-E46E-4C37-A290-AAF89C00287E}.Debug|Any CPU.Build.0 = Debug|Any CPU
		{CA448211-E46E-4C37-A290-AAF89C00287E}.Release|Any CPU.ActiveCfg = Release|Any CPU
		{CA448211-E46E-4C37-A290-AAF89C00287E}.Release|Any CPU.Build.0 = Release|Any CPU
		{3809A2CA-8AC2-4341-A647-7ABC60821B6E}.Debug|Any CPU.ActiveCfg = Debug|Any CPU
		{3809A2CA-8AC2-4341-A647-7ABC60821B6E}.Debug|Any CPU.Build.0 = Debug|Any CPU
		{3809A2CA-8AC2-4341-A647-7ABC60821B6E}.Release|Any CPU.ActiveCfg = Release|Any CPU
		{3809A2CA-8AC2-4341-A647-7ABC60821B6E}.Release|Any CPU.Build.0 = Release|Any CPU
	EndGlobalSection
	GlobalSection(SolutionProperties) = preSolution
		HideSolutionNode = FALSE
	EndGlobalSection
	GlobalSection(ExtensibilityGlobals) = postSolution
		SolutionGuid = {B071B8E9-C045-46D7-B16D-2301C481F8A4}
	EndGlobalSection
EndGlobal
